
Microsoft Visual Studio Solution File, Format Version 12.00
# Visual Studio Version 16
VisualStudioVersion = 16.0.30114.105
MinimumVisualStudioVersion = 10.0.40219.1
Project("{9A19103F-16F7-4668-BE54-9A1E7A4F7556}") = "NinjaAspNetCore", "src\NinjaAspNetCore\NinjaAspNetCore.csproj", "{D3B8B147-E06A-4858-A0B5-AE43B87C78AB}"
EndProject
Project("{9A19103F-16F7-4668-BE54-9A1E7A4F7556}") = "NinjaConsole", "src\NinjaConsole\NinjaConsole.csproj", "{B27D0EE7-D3BF-4123-836A-14854BF2476F}"
EndProject
Project("{FAE04EC0-301F-11D3-BF4B-00C04F79EFBC}") = "NinjaRazorPages", "src\NinjaRazorPages\NinjaRazorPages.csproj", "{97C1B70A-43B2-476F-85F9-73FA3C0DFBC7}"
EndProject
Global
	GlobalSection(SolutionConfigurationPlatforms) = preSolution
		Debug|Any CPU = Debug|Any CPU
		Debug|x64 = Debug|x64
		Debug|x86 = Debug|x86
		Release|Any CPU = Release|Any CPU
		Release|x64 = Release|x64
		Release|x86 = Release|x86
	EndGlobalSection
	GlobalSection(ProjectConfigurationPlatforms) = postSolution
		{D3B8B147-E06A-4858-A0B5-AE43B87C78AB}.Debug|Any CPU.ActiveCfg = Debug|Any CPU
		{D3B8B147-E06A-4858-A0B5-AE43B87C78AB}.Debug|Any CPU.Build.0 = Debug|Any CPU
		{D3B8B147-E06A-4858-A0B5-AE43B87C78AB}.Debug|x64.ActiveCfg = Debug|Any CPU
		{D3B8B147-E06A-4858-A0B5-AE43B87C78AB}.Debug|x64.Build.0 = Debug|Any CPU
		{D3B8B147-E06A-4858-A0B5-AE43B87C78AB}.Debug|x86.ActiveCfg = Debug|Any CPU
		{D3B8B147-E06A-4858-A0B5-AE43B87C78AB}.Debug|x86.Build.0 = Debug|Any CPU
		{D3B8B147-E06A-4858-A0B5-AE43B87C78AB}.Release|Any CPU.ActiveCfg = Release|Any CPU
		{D3B8B147-E06A-4858-A0B5-AE43B87C78AB}.Release|Any CPU.Build.0 = Release|Any CPU
		{D3B8B147-E06A-4858-A0B5-AE43B87C78AB}.Release|x64.ActiveCfg = Release|Any CPU
		{D3B8B147-E06A-4858-A0B5-AE43B87C78AB}.Release|x64.Build.0 = Release|Any CPU
		{D3B8B147-E06A-4858-A0B5-AE43B87C78AB}.Release|x86.ActiveCfg = Release|Any CPU
		{D3B8B147-E06A-4858-A0B5-AE43B87C78AB}.Release|x86.Build.0 = Release|Any CPU
		{B27D0EE7-D3BF-4123-836A-14854BF2476F}.Debug|Any CPU.ActiveCfg = Debug|Any CPU
		{B27D0EE7-D3BF-4123-836A-14854BF2476F}.Debug|Any CPU.Build.0 = Debug|Any CPU
		{B27D0EE7-D3BF-4123-836A-14854BF2476F}.Debug|x64.ActiveCfg = Debug|Any CPU
		{B27D0EE7-D3BF-4123-836A-14854BF2476F}.Debug|x64.Build.0 = Debug|Any CPU
		{B27D0EE7-D3BF-4123-836A-14854BF2476F}.Debug|x86.ActiveCfg = Debug|Any CPU
		{B27D0EE7-D3BF-4123-836A-14854BF2476F}.Debug|x86.Build.0 = Debug|Any CPU
		{B27D0EE7-D3BF-4123-836A-14854BF2476F}.Release|Any CPU.ActiveCfg = Release|Any CPU
		{B27D0EE7-D3BF-4123-836A-14854BF2476F}.Release|Any CPU.Build.0 = Release|Any CPU
		{B27D0EE7-D3BF-4123-836A-14854BF2476F}.Release|x64.ActiveCfg = Release|Any CPU
		{B27D0EE7-D3BF-4123-836A-14854BF2476F}.Release|x64.Build.0 = Release|Any CPU
		{B27D0EE7-D3BF-4123-836A-14854BF2476F}.Release|x86.ActiveCfg = Release|Any CPU
		{B27D0EE7-D3BF-4123-836A-14854BF2476F}.Release|x86.Build.0 = Release|Any CPU
		{97C1B70A-43B2-476F-85F9-73FA3C0DFBC7}.Debug|Any CPU.ActiveCfg = Debug|Any CPU
		{97C1B70A-43B2-476F-85F9-73FA3C0DFBC7}.Debug|Any CPU.Build.0 = Debug|Any CPU
		{97C1B70A-43B2-476F-85F9-73FA3C0DFBC7}.Debug|x64.ActiveCfg = Debug|Any CPU
		{97C1B70A-43B2-476F-85F9-73FA3C0DFBC7}.Debug|x64.Build.0 = Debug|Any CPU
		{97C1B70A-43B2-476F-85F9-73FA3C0DFBC7}.Debug|x86.ActiveCfg = Debug|Any CPU
		{97C1B70A-43B2-476F-85F9-73FA3C0DFBC7}.Debug|x86.Build.0 = Debug|Any CPU
		{97C1B70A-43B2-476F-85F9-73FA3C0DFBC7}.Release|Any CPU.ActiveCfg = Release|Any CPU
		{97C1B70A-43B2-476F-85F9-73FA3C0DFBC7}.Release|Any CPU.Build.0 = Release|Any CPU
		{97C1B70A-43B2-476F-85F9-73FA3C0DFBC7}.Release|x64.ActiveCfg = Release|Any CPU
		{97C1B70A-43B2-476F-85F9-73FA3C0DFBC7}.Release|x64.Build.0 = Release|Any CPU
		{97C1B70A-43B2-476F-85F9-73FA3C0DFBC7}.Release|x86.ActiveCfg = Release|Any CPU
		{97C1B70A-43B2-476F-85F9-73FA3C0DFBC7}.Release|x86.Build.0 = Release|Any CPU
	EndGlobalSection
	GlobalSection(SolutionProperties) = preSolution
		HideSolutionNode = FALSE
	EndGlobalSection
	GlobalSection(ExtensibilityGlobals) = postSolution
		SolutionGuid = {1295CECC-D143-473A-9BD7-891A36EEB3EE}
	EndGlobalSection
EndGlobal
